{
  "name": "mysql-pool",
  "version": "1.0.0",
  "lockfileVersion": 1,
  "requires": true,
  "dependencies": {
    "@types/node": {
      "version": "8.0.34",
      "resolved": "http://registry.npm.taobao.org/@types/node/download/@types/node-8.0.34.tgz",
      "integrity": "sha1-VfgB+i3bKkDdbfwV7P4d3pwSn+k="
    }
  }
}
